schema: '2.0'
stages:
  dvc_optuna:
    cmd: python dvclive_optuna.py
    deps:
    - path: dvclive_optuna.py
      md5: 12c644b28b0ab85b3ea08fb9e8797d39
      size: 1783
    - path: requirements.txt
      md5: af5592a93cf963c9bded184861b6e33a
      size: 53
    params:
      params.yaml:
        n_trials: 5
        seed: 43
