schema: '2.0'
stages:
  dvc_optuna:
    cmd: python dvclive_optuna.py
    deps:
    - path: dvclive_optuna.py
      md5: 9a31e34c45674457bdc14417a8f62779
      size: 1359
    - path: requirements.txt
      md5: a3e27298f9b608b2018aab79edc8c1b1
      size: 87
    params:
      params.yaml:
        n_trials: 5
        seed: 43
